
Microsoft Visual Studio Solution File, Format Version 12.00
# Visual Studio Version 17
VisualStudioVersion = 17.6.33723.286
MinimumVisualStudioVersion = 10.0.40219.1
Project("{FAE04EC0-301F-11D3-BF4B-00C04F79EFBC}") = "NickB.WorkBoard", "NickB.WorkBoard.csproj", "{AFA0EC09-F867-490A-9EC1-172249B935C0}"
EndProject
Global
	GlobalSection(SolutionConfigurationPlatforms) = preSolution
		Debug|Any CPU = Debug|Any CPU
		Release|Any CPU = Release|Any CPU
	EndGlobalSection
	GlobalSection(ProjectConfigurationPlatforms) = postSolution
		{AFA0EC09-F867-490A-9EC1-172249B935C0}.Debug|Any CPU.ActiveCfg = Debug|Any CPU
		{AFA0EC09-F867-490A-9EC1-172249B935C0}.Debug|Any CPU.Build.0 = Debug|Any CPU
		{AFA0EC09-F867-490A-9EC1-172249B935C0}.Release|Any CPU.ActiveCfg = Release|Any CPU
		{AFA0EC09-F867-490A-9EC1-172249B935C0}.Release|Any CPU.Build.0 = Release|Any CPU
	EndGlobalSection
	GlobalSection(SolutionProperties) = preSolution
		HideSolutionNode = FALSE
	EndGlobalSection
	GlobalSection(ExtensibilityGlobals) = postSolution
		SolutionGuid = {0FC24EC7-B574-42A8-80B0-D2B282128411}
	EndGlobalSection
EndGlobal
